
Microsoft Visual Studio Solution File, Format Version 12.00
# Visual Studio Version 17
VisualStudioVersion = 17.0.31903.59
MinimumVisualStudioVersion = 10.0.40219.1
Project("{FAE04EC0-301F-11D3-BF4B-00C04F79EFBC}") = "Deguffer.Core", "Deguffer.Core\Deguffer.Core.csproj", "{996B9382-1115-44E2-88F9-B65BCBF565FA}"
EndProject
Project("{FAE04EC0-301F-11D3-BF4B-00C04F79EFBC}") = "Deguffer.Core.Tests", "Deguffer.Core.Tests\Deguffer.Core.Tests.csproj", "{6B2A29D3-2012-4D9D-BB6F-84D01C2C6DC0}"
EndProject
Project("{FAE04EC0-301F-11D3-BF4B-00C04F79EFBC}") = "Deguffer.App", "Deguffer.App\Deguffer.App.csproj", "{0F1A7F89-5DEB-4AAC-99A2-490954D890F9}"
EndProject
Global
	GlobalSection(SolutionConfigurationPlatforms) = preSolution
		Debug|Any CPU = Debug|Any CPU
		Debug|x64 = Debug|x64
		Debug|x86 = Debug|x86
		Release|Any CPU = Release|Any CPU
		Release|x64 = Release|x64
		Release|x86 = Release|x86
	EndGlobalSection
	GlobalSection(ProjectConfigurationPlatforms) = postSolution
		{996B9382-1115-44E2-88F9-B65BCBF565FA}.Debug|Any CPU.ActiveCfg = Debug|Any CPU
		{996B9382-1115-44E2-88F9-B65BCBF565FA}.Debug|Any CPU.Build.0 = Debug|Any CPU
		{996B9382-1115-44E2-88F9-B65BCBF565FA}.Debug|x64.ActiveCfg = Debug|Any CPU
		{996B9382-1115-44E2-88F9-B65BCBF565FA}.Debug|x64.Build.0 = Debug|Any CPU
		{996B9382-1115-44E2-88F9-B65BCBF565FA}.Debug|x86.ActiveCfg = Debug|Any CPU
		{996B9382-1115-44E2-88F9-B65BCBF565FA}.Debug|x86.Build.0 = Debug|Any CPU
		{996B9382-1115-44E2-88F9-B65BCBF565FA}.Release|Any CPU.ActiveCfg = Release|Any CPU
		{996B9382-1115-44E2-88F9-B65BCBF565FA}.Release|Any CPU.Build.0 = Release|Any CPU
		{996B9382-1115-44E2-88F9-B65BCBF565FA}.Release|x64.ActiveCfg = Release|Any CPU
		{996B9382-1115-44E2-88F9-B65BCBF565FA}.Release|x64.Build.0 = Release|Any CPU
		{996B9382-1115-44E2-88F9-B65BCBF565FA}.Release|x86.ActiveCfg = Release|Any CPU
		{996B9382-1115-44E2-88F9-B65BCBF565FA}.Release|x86.Build.0 = Release|Any CPU
		{6B2A29D3-2012-4D9D-BB6F-84D01C2C6DC0}.Debug|Any CPU.ActiveCfg = Debug|Any CPU
		{6B2A29D3-2012-4D9D-BB6F-84D01C2C6DC0}.Debug|Any CPU.Build.0 = Debug|Any CPU
		{6B2A29D3-2012-4D9D-BB6F-84D01C2C6DC0}.Debug|x64.ActiveCfg = Debug|Any CPU
		{6B2A29D3-2012-4D9D-BB6F-84D01C2C6DC0}.Debug|x64.Build.0 = Debug|Any CPU
		{6B2A29D3-2012-4D9D-BB6F-84D01C2C6DC0}.Debug|x86.ActiveCfg = Debug|Any CPU
		{6B2A29D3-2012-4D9D-BB6F-84D01C2C6DC0}.Debug|x86.Build.0 = Debug|Any CPU
		{6B2A29D3-2012-4D9D-BB6F-84D01C2C6DC0}.Release|Any CPU.ActiveCfg = Release|Any CPU
		{6B2A29D3-2012-4D9D-BB6F-84D01C2C6DC0}.Release|Any CPU.Build.0 = Release|Any CPU
		{6B2A29D3-2012-4D9D-BB6F-84D01C2C6DC0}.Release|x64.ActiveCfg = Release|Any CPU
		{6B2A29D3-2012-4D9D-BB6F-84D01C2C6DC0}.Release|x64.Build.0 = Release|Any CPU
		{6B2A29D3-2012-4D9D-BB6F-84D01C2C6DC0}.Release|x86.ActiveCfg = Release|Any CPU
		{6B2A29D3-2012-4D9D-BB6F-84D01C2C6DC0}.Release|x86.Build.0 = Release|Any CPU
		{0F1A7F89-5DEB-4AAC-99A2-490954D890F9}.Debug|Any CPU.ActiveCfg = Debug|x64
		{0F1A7F89-5DEB-4AAC-99A2-490954D890F9}.Debug|Any CPU.Build.0 = Debug|x64
		{0F1A7F89-5DEB-4AAC-99A2-490954D890F9}.Debug|x64.ActiveCfg = Debug|x64
		{0F1A7F89-5DEB-4AAC-99A2-490954D890F9}.Debug|x64.Build.0 = Debug|x64
		{0F1A7F89-5DEB-4AAC-99A2-490954D890F9}.Debug|x86.ActiveCfg = Debug|x86
		{0F1A7F89-5DEB-4AAC-99A2-490954D890F9}.Debug|x86.Build.0 = Debug|x86
		{0F1A7F89-5DEB-4AAC-99A2-490954D890F9}.Release|Any CPU.ActiveCfg = Release|x64
		{0F1A7F89-5DEB-4AAC-99A2-490954D890F9}.Release|Any CPU.Build.0 = Release|x64
		{0F1A7F89-5DEB-4AAC-99A2-490954D890F9}.Release|x64.ActiveCfg = Release|x64
		{0F1A7F89-5DEB-4AAC-99A2-490954D890F9}.Release|x64.Build.0 = Release|x64
		{0F1A7F89-5DEB-4AAC-99A2-490954D890F9}.Release|x86.ActiveCfg = Release|x86
		{0F1A7F89-5DEB-4AAC-99A2-490954D890F9}.Release|x86.Build.0 = Release|x86
	EndGlobalSection
	GlobalSection(SolutionProperties) = preSolution
		HideSolutionNode = FALSE
	EndGlobalSection
EndGlobal
